PODS:
  - AlignedCollectionViewFlowLayout (1.1.2)
  - BigInt (4.0.0)
  - BlueCryptor (1.0.32)
  - ConsolePrint (0.1.0)
  - CryptoSwift (1.1.3)
  - DataCompression (3.6.0)
  - DateToolsSwift (4.0.0)
  - DeepDiff (2.0.1)
  - DMS_HDWallet_Cocoa (0.2.1):
    - BigInt (~> 4.0)
    - BlueCryptor (~> 1.0.32)
    - CryptoSwift (~> 1.1.3)
    - secp256k1.swift
  - DMSGoPGP (0.0.17)
  - Eureka (4.3.1)
  - FLEX (2.4.0)
  - GRDB.swift (3.7.0)
  - GRDBCipher (3.7.0):
    - SQLCipher (~> 3.4.1)
  - IQKeyboardManagerSwift (6.5.4)
  - KeychainAccess (3.2.1)
  - Kingfisher (5.12.0):
    - Kingfisher/Core (= 5.12.0)
  - Kingfisher/Core (5.12.0)
  - MMWormhole (2.0.0):
    - MMWormhole/Core (= 2.0.0)
  - MMWormhole/Core (2.0.0)
  - PromiseKit/CorePromise (6.12.0)
  - Realm (4.3.0):
    - Realm/Headers (= 4.3.0)
  - Realm/Headers (4.3.0)
  - RealmSwift (4.3.0):
    - Realm (= 4.3.0)
  - RxBlocking (5.0.1):
    - RxSwift (~> 5)
  - RxCocoa (5.0.1):
    - RxRelay (~> 5)
    - RxSwift (~> 5)
  - RxRealm (2.0.0):
    - RealmSwift (~> 4.0)
    - RxSwift (~> 5.0)
  - RxRelay (5.0.1):
    - RxSwift (~> 5)
  - RxSwift (5.0.1)
  - RxSwiftUtilities (2.1.0):
    - RxCocoa (~> 5.0)
    - RxSwift (~> 5.0)
  - SearchTextField (1.2.4)
  - secp256k1.swift (0.1.6)
  - SnapKit (4.2.0)
  - SQLCipher (3.4.2):
    - SQLCipher/standard (= 3.4.2)
  - SQLCipher/common (3.4.2)
  - SQLCipher/standard (3.4.2):
    - SQLCipher/common
  - SVProgressHUD (2.2.6)
  - SwifterSwift (4.6.0):
    - SwifterSwift/AppKit (= 4.6.0)
    - SwifterSwift/CoreGraphics (= 4.6.0)
    - SwifterSwift/CoreLocation (= 4.6.0)
    - SwifterSwift/Foundation (= 4.6.0)
    - SwifterSwift/MapKit (= 4.6.0)
    - SwifterSwift/SpriteKit (= 4.6.0)
    - SwifterSwift/SwiftStdlib (= 4.6.0)
    - SwifterSwift/UIKit (= 4.6.0)
  - SwifterSwift/AppKit (4.6.0)
  - SwifterSwift/CoreGraphics (4.6.0)
  - SwifterSwift/CoreLocation (4.6.0)
  - SwifterSwift/Foundation (4.6.0)
  - SwifterSwift/MapKit (4.6.0)
  - SwifterSwift/SpriteKit (4.6.0)
  - SwifterSwift/SwiftStdlib (4.6.0)
  - SwifterSwift/UIKit (4.6.0)
  - SwiftGen (6.1.0)
  - SwiftLint (0.30.1)
  - "UITextView+Placeholder (1.3.3)"
  - Web3/ContractABI (0.4.1):
    - Web3/Core
  - Web3/Core (0.4.1):
    - BigInt (~> 4.0)
    - CryptoSwift (~> 1.0)
    - secp256k1.swift (~> 0.1)
  - Web3/HTTPExtension (0.4.1):
    - Web3/Core
  - Web3/PromiseKit (0.4.1):
    - PromiseKit/CorePromise (~> 6.0)
    - Web3/Core
  - WordSuggestion (0.2.1):
    - RealmSwift

DEPENDENCIES:
  - AlignedCollectionViewFlowLayout (~> 1.1.2)
  - ConsolePrint (~> 0.1.0)
  - DataCompression (~> 3.6.0)
  - DateToolsSwift (~> 4.0.0)
  - DeepDiff (~> 2.0.1)
  - DMS_HDWallet_Cocoa (~> 0.2.1)
  - DMSGoPGP (~> 0.0.17)
  - Eureka (~> 4.3.1)
  - FLEX (~> 2.4.0)
  - GRDB.swift (~> 3.7.0)
  - GRDBCipher (~> 3.7.0)
  - IQKeyboardManagerSwift (~> 6.5.0)
  - KeychainAccess (~> 3.2.0)
  - Kingfisher (~> 5.0)
  - MMWormhole (~> 2.0.0)
  - RxBlocking (~> 5.0.0)
  - RxCocoa (~> 5.0.0)
  - RxRealm (~> 2.0.0)
  - RxSwift (~> 5.0.0)
  - RxSwiftUtilities (from `https://github.com/RxSwiftCommunity/RxSwiftUtilities`, commit `a3e91fb`)
  - SearchTextField
  - SnapKit (~> 4.2.0)
  - SVProgressHUD (from `https://github.com/getaaron/SVProgressHUD.git`, branch `dark-mode`)
  - SwifterSwift (~> 4.6.0)
  - SwiftGen (~> 6.1.0)
  - SwiftLint (~> 0.30.1)
  - "UITextView+Placeholder (~> 1.3.1)"
  - Web3/ContractABI (~> 0.4.1)
  - Web3/HTTPExtension (~> 0.4.1)
  - Web3/PromiseKit (~> 0.4.1)
  - WordSuggestion (~> 0.2.1)

SPEC REPOS:
  https://github.com/SujiTech/Specs.git:
    - DMS_HDWallet_Cocoa
    - secp256k1.swift
  trunk:
    - AlignedCollectionViewFlowLayout
    - BigInt
    - BlueCryptor
    - ConsolePrint
    - CryptoSwift
    - DataCompression
    - DateToolsSwift
    - DeepDiff
    - DMSGoPGP
    - Eureka
    - FLEX
    - GRDB.swift
    - GRDBCipher
    - IQKeyboardManagerSwift
    - KeychainAccess
    - Kingfisher
    - MMWormhole
    - PromiseKit
    - Realm
    - RealmSwift
    - RxBlocking
    - RxCocoa
    - RxRealm
    - RxRelay
    - RxSwift
    - SearchTextField
    - SnapKit
    - SQLCipher
    - SwifterSwift
    - SwiftGen
    - SwiftLint
    - "UITextView+Placeholder"
    - Web3
    - WordSuggestion

EXTERNAL SOURCES:
  RxSwiftUtilities:
    :commit: a3e91fb
    :git: https://github.com/RxSwiftCommunity/RxSwiftUtilities
  SVProgressHUD:
    :branch: dark-mode
    :git: https://github.com/getaaron/SVProgressHUD.git

CHECKOUT OPTIONS:
  RxSwiftUtilities:
    :commit: a3e91fb
    :git: https://github.com/RxSwiftCommunity/RxSwiftUtilities
  SVProgressHUD:
    :commit: d95da4a829f1c78847a2b10c3549010717fe36a7
    :git: https://github.com/getaaron/SVProgressHUD.git

SPEC CHECKSUMS:
  AlignedCollectionViewFlowLayout: ee2ef451e741ec08f8e0967d828001e2f051c20a
  BigInt: 2aad1a9942dc932ec8b84290d2c564a3d76f97ab
  BlueCryptor: b0aee3d9b8f367b49b30de11cda90e1735571c24
  ConsolePrint: 695d494f0a2595d1792ec19483f2aa16e4501c19
  CryptoSwift: 6b6e488df0598b3e9fa49254ed1a65e8c1b1e10b
  DataCompression: 06628f9c807b6f152e0da37635633f62fc51dc77
  DateToolsSwift: 875d97ff9e3a5d54abdd67a269b3f51c757b71ab
  DeepDiff: 1944bb2c841ab238a66b31de1faa7627f3ca84bd
  DMS_HDWallet_Cocoa: 7e9e7b641ba032f37b710b7e15a382272cbb2958
  DMSGoPGP: fd0970ab6941eb4a5b6cb2f8846ca9ab9a9151a6
  Eureka: 28ea296f06710f6745266b71f17862048941a32d
  FLEX: bd1a39e55b56bb413b6f1b34b3c10a0dc44ef079
  GRDB.swift: 51cc9e57ae8ff7083a9d674c97925aa1de06aac5
  GRDBCipher: a3066d2953508039ea8fb423a1ba14c7b6d888be
  IQKeyboardManagerSwift: 2dde0fc70110e8eac7ccce2a46fdbec6a850b414
  KeychainAccess: d5470352939ced6d6f7fb51cb2e67aae51fc294f
  Kingfisher: dc6e0f53bb5b12c3e75bedb0e01bbd7a640eea69
  MMWormhole: 0cd3fd35a9118b2e2d762b499f54eeaace0be791
  PromiseKit: c06835ba442ce5454ce3cdde470232804a6e4ff8
  Realm: 9357c3589555793e1860a7104a7412bca4a48d99
  RealmSwift: 402f1e379a8ef82c635313037b043f0f06de880c
  RxBlocking: c5e090f42d046df8b0e7752742510f349963710f
  RxCocoa: e741b9749968e8a143e2b787f1dfbff2b63d0a5c
  RxRealm: 900f5c7e6f0a2d6527b56eaf7283f3035ec1e8ba
  RxRelay: 89d54507f4fd4d969e6ec1d4bd7f3673640b4640
  RxSwift: e2dc62b366a3adf6a0be44ba9f405efd4c94e0c4
  RxSwiftUtilities: dc208a9567b5b8da972056055de8f0446f9aa2d6
  SearchTextField: 40dc3cc57def5a211f263cac263622c163bbc25a
  secp256k1.swift: 2695e9586a624642d8090603bf9b7dfad142a699
  SnapKit: fe8a619752f3f27075cc9a90244d75c6c3f27e2a
  SQLCipher: f9fcf29b2e59ced7defc2a2bdd0ebe79b40d4990
  SVProgressHUD: 6ed134667e9ebb2f33679e8273cd48fd3fa349e5
  SwifterSwift: 812ffec6f301922f5430e75be3f2939ea3a80024
  SwiftGen: f872ca75cbd17bf7103c17f13dcfa0d9a15667b0
  SwiftLint: a54bf1fe12b55c68560eb2a7689dfc81458508f7
  "UITextView+Placeholder": c407b27599ea23cca425946fee3cf1db5d547008
  Web3: a4eb0d0cdedbef3f0e4c97ea83a4232a1b1f952b
  WordSuggestion: 424d96dd2cfe4259c72959f9bdcffc864f0e65d4

PODFILE CHECKSUM: 4966fe9bb1535b49ea2c66a7b7b2896ed0ad93cc

COCOAPODS: 1.8.4
